
Microsoft Visual Studio Solution File, Format Version 12.00
# Visual Studio 15
VisualStudioVersion = 15.0.27703.2035
MinimumVisualStudioVersion = 10.0.40219.1
Project("{FAE04EC0-301F-11D3-BF4B-00C04F79EFBC}") = "Education.UI", "Education.UI\Education.UI.csproj", "{E12FE62A-FA00-4420-9BF9-C251D6DA0DAB}"
EndProject
Global
	GlobalSection(SolutionConfigurationPlatforms) = preSolution
		Debug|Any CPU = Debug|Any CPU
		Release|Any CPU = Release|Any CPU
	EndGlobalSection
	GlobalSection(ProjectConfigurationPlatforms) = postSolution
		{E12FE62A-FA00-4420-9BF9-C251D6DA0DAB}.Debug|Any CPU.ActiveCfg = Debug|Any CPU
		{E12FE62A-FA00-4420-9BF9-C251D6DA0DAB}.Debug|Any CPU.Build.0 = Debug|Any CPU
		{E12FE62A-FA00-4420-9BF9-C251D6DA0DAB}.Release|Any CPU.ActiveCfg = Release|Any CPU
		{E12FE62A-FA00-4420-9BF9-C251D6DA0DAB}.Release|Any CPU.Build.0 = Release|Any CPU
	EndGlobalSection
	GlobalSection(SolutionProperties) = preSolution
		HideSolutionNode = FALSE
	EndGlobalSection
	GlobalSection(ExtensibilityGlobals) = postSolution
		SolutionGuid = {3211152B-947C-4BD9-8364-EB2F05D0DBA6}
	EndGlobalSection
EndGlobal
